
Microsoft Visual Studio Solution File, Format Version 12.00
Project("{2150E333-8FDC-42A3-9474-1A3956D46DE8}") = "SolidPrinciples", "SolidPrinciples", "{811FFDEE-7F94-4EF6-9DD2-0C13624EEC62}"
EndProject
Project("{2150E333-8FDC-42A3-9474-1A3956D46DE8}") = "SingleResponsibility", "SingleResponsibility", "{CC3592E6-4CD6-4EB6-8B37-B6DCCF3B4A3E}"
EndProject
Project("{FAE04EC0-301F-11D3-BF4B-00C04F79EFBC}") = "Problem", "OOPFundamentals\SolidPrinciples\SingleResponsibility\Problem\Problem.csproj", "{B8B1B48F-04BA-4495-8042-E56E3EAE4867}"
EndProject
Project("{FAE04EC0-301F-11D3-BF4B-00C04F79EFBC}") = "Solution", "OOPFundamentals\SolidPrinciples\SingleResponsibility\Solution\Solution.csproj", "{BD74460A-0821-40BE-A9E3-95FD43083FA5}"
EndProject
Project("{2150E333-8FDC-42A3-9474-1A3956D46DE8}") = "OpenClosed", "OpenClosed", "{D24BB6E1-902C-45CB-8175-D724755EC82F}"
EndProject
Project("{FAE04EC0-301F-11D3-BF4B-00C04F79EFBC}") = "Problem", "OOPFundamentals\SolidPrinciples\OpenClosed\Problem\Problem.csproj", "{423E69FB-ABEB-43CE-B189-0DE63103EFFC}"
EndProject
Project("{FAE04EC0-301F-11D3-BF4B-00C04F79EFBC}") = "Solution", "OOPFundamentals\SolidPrinciples\OpenClosed\Solution\Solution.csproj", "{30A23D58-14CC-4750-8607-A930961F6FD8}"
EndProject
Global
	GlobalSection(SolutionConfigurationPlatforms) = preSolution
		Debug|Any CPU = Debug|Any CPU
		Release|Any CPU = Release|Any CPU
	EndGlobalSection
	GlobalSection(ProjectConfigurationPlatforms) = postSolution
		{B8B1B48F-04BA-4495-8042-E56E3EAE4867}.Debug|Any CPU.ActiveCfg = Debug|Any CPU
		{B8B1B48F-04BA-4495-8042-E56E3EAE4867}.Debug|Any CPU.Build.0 = Debug|Any CPU
		{B8B1B48F-04BA-4495-8042-E56E3EAE4867}.Release|Any CPU.ActiveCfg = Release|Any CPU
		{B8B1B48F-04BA-4495-8042-E56E3EAE4867}.Release|Any CPU.Build.0 = Release|Any CPU
		{BD74460A-0821-40BE-A9E3-95FD43083FA5}.Debug|Any CPU.ActiveCfg = Debug|Any CPU
		{BD74460A-0821-40BE-A9E3-95FD43083FA5}.Debug|Any CPU.Build.0 = Debug|Any CPU
		{BD74460A-0821-40BE-A9E3-95FD43083FA5}.Release|Any CPU.ActiveCfg = Release|Any CPU
		{BD74460A-0821-40BE-A9E3-95FD43083FA5}.Release|Any CPU.Build.0 = Release|Any CPU
		{423E69FB-ABEB-43CE-B189-0DE63103EFFC}.Debug|Any CPU.ActiveCfg = Debug|Any CPU
		{423E69FB-ABEB-43CE-B189-0DE63103EFFC}.Debug|Any CPU.Build.0 = Debug|Any CPU
		{423E69FB-ABEB-43CE-B189-0DE63103EFFC}.Release|Any CPU.ActiveCfg = Release|Any CPU
		{423E69FB-ABEB-43CE-B189-0DE63103EFFC}.Release|Any CPU.Build.0 = Release|Any CPU
		{30A23D58-14CC-4750-8607-A930961F6FD8}.Debug|Any CPU.ActiveCfg = Debug|Any CPU
		{30A23D58-14CC-4750-8607-A930961F6FD8}.Debug|Any CPU.Build.0 = Debug|Any CPU
		{30A23D58-14CC-4750-8607-A930961F6FD8}.Release|Any CPU.ActiveCfg = Release|Any CPU
		{30A23D58-14CC-4750-8607-A930961F6FD8}.Release|Any CPU.Build.0 = Release|Any CPU
	EndGlobalSection
	GlobalSection(NestedProjects) = preSolution
		{CC3592E6-4CD6-4EB6-8B37-B6DCCF3B4A3E} = {811FFDEE-7F94-4EF6-9DD2-0C13624EEC62}
		{B8B1B48F-04BA-4495-8042-E56E3EAE4867} = {CC3592E6-4CD6-4EB6-8B37-B6DCCF3B4A3E}
		{BD74460A-0821-40BE-A9E3-95FD43083FA5} = {CC3592E6-4CD6-4EB6-8B37-B6DCCF3B4A3E}
		{D24BB6E1-902C-45CB-8175-D724755EC82F} = {811FFDEE-7F94-4EF6-9DD2-0C13624EEC62}
		{423E69FB-ABEB-43CE-B189-0DE63103EFFC} = {D24BB6E1-902C-45CB-8175-D724755EC82F}
		{30A23D58-14CC-4750-8607-A930961F6FD8} = {D24BB6E1-902C-45CB-8175-D724755EC82F}
	EndGlobalSection
EndGlobal
